
Microsoft Visual Studio Solution File, Format Version 12.00
# Visual Studio Version 16
VisualStudioVersion = 16.0.30611.23
MinimumVisualStudioVersion = 10.0.40219.1
Project("{FAE04EC0-301F-11D3-BF4B-00C04F79EFBC}") = "pc_shop", "pc_shop\pc_shop.csproj", "{558AA5F0-1602-43C5-B6AD-7C0DA63F8496}"
EndProject
Global
	GlobalSection(SolutionConfigurationPlatforms) = preSolution
		Debug|Any CPU = Debug|Any CPU
		Release|Any CPU = Release|Any CPU
	EndGlobalSection
	GlobalSection(ProjectConfigurationPlatforms) = postSolution
		{558AA5F0-1602-43C5-B6AD-7C0DA63F8496}.Debug|Any CPU.ActiveCfg = Debug|Any CPU
		{558AA5F0-1602-43C5-B6AD-7C0DA63F8496}.Debug|Any CPU.Build.0 = Debug|Any CPU
		{558AA5F0-1602-43C5-B6AD-7C0DA63F8496}.Release|Any CPU.ActiveCfg = Release|Any CPU
		{558AA5F0-1602-43C5-B6AD-7C0DA63F8496}.Release|Any CPU.Build.0 = Release|Any CPU
	EndGlobalSection
	GlobalSection(SolutionProperties) = preSolution
		HideSolutionNode = FALSE
	EndGlobalSection
	GlobalSection(ExtensibilityGlobals) = postSolution
		SolutionGuid = {A234D6DB-0DCB-4006-9DD6-73527C61B526}
	EndGlobalSection
EndGlobal
