
Microsoft Visual Studio Solution File, Format Version 12.00
# Visual Studio Version 16
VisualStudioVersion = 16.0.30611.23
MinimumVisualStudioVersion = 10.0.40219.1
Project("{FAE04EC0-301F-11D3-BF4B-00C04F79EFBC}") = "PeopleForm", "PeopleForm\PeopleForm.csproj", "{EFEEC4CB-9A87-4F75-8708-8BBFB4B81ABF}"
EndProject
Global
	GlobalSection(SolutionConfigurationPlatforms) = preSolution
		Debug|Any CPU = Debug|Any CPU
		Release|Any CPU = Release|Any CPU
	EndGlobalSection
	GlobalSection(ProjectConfigurationPlatforms) = postSolution
		{EFEEC4CB-9A87-4F75-8708-8BBFB4B81ABF}.Debug|Any CPU.ActiveCfg = Debug|Any CPU
		{EFEEC4CB-9A87-4F75-8708-8BBFB4B81ABF}.Debug|Any CPU.Build.0 = Debug|Any CPU
		{EFEEC4CB-9A87-4F75-8708-8BBFB4B81ABF}.Release|Any CPU.ActiveCfg = Release|Any CPU
		{EFEEC4CB-9A87-4F75-8708-8BBFB4B81ABF}.Release|Any CPU.Build.0 = Release|Any CPU
	EndGlobalSection
	GlobalSection(SolutionProperties) = preSolution
		HideSolutionNode = FALSE
	EndGlobalSection
	GlobalSection(ExtensibilityGlobals) = postSolution
		SolutionGuid = {73EF4931-1668-4B66-84EF-186BAD97B44C}
	EndGlobalSection
EndGlobal
