
Microsoft Visual Studio Solution File, Format Version 12.00
# Visual Studio Version 16
VisualStudioVersion = 16.0.30611.23
MinimumVisualStudioVersion = 10.0.40219.1
Project("{FAE04EC0-301F-11D3-BF4B-00C04F79EFBC}") = "image_manipulation", "image_manipulation\image_manipulation.csproj", "{49F2DF44-BF8A-468C-969D-815D17B42D7C}"
EndProject
Global
	GlobalSection(SolutionConfigurationPlatforms) = preSolution
		Debug|Any CPU = Debug|Any CPU
		Release|Any CPU = Release|Any CPU
	EndGlobalSection
	GlobalSection(ProjectConfigurationPlatforms) = postSolution
		{49F2DF44-BF8A-468C-969D-815D17B42D7C}.Debug|Any CPU.ActiveCfg = Debug|Any CPU
		{49F2DF44-BF8A-468C-969D-815D17B42D7C}.Debug|Any CPU.Build.0 = Debug|Any CPU
		{49F2DF44-BF8A-468C-969D-815D17B42D7C}.Release|Any CPU.ActiveCfg = Release|Any CPU
		{49F2DF44-BF8A-468C-969D-815D17B42D7C}.Release|Any CPU.Build.0 = Release|Any CPU
	EndGlobalSection
	GlobalSection(SolutionProperties) = preSolution
		HideSolutionNode = FALSE
	EndGlobalSection
	GlobalSection(ExtensibilityGlobals) = postSolution
		SolutionGuid = {D60D7387-613E-47C5-A0DE-3F0829A75177}
	EndGlobalSection
EndGlobal
